// !$*UTF8*$!
{
	archiveVersion = 1;
	classes = {
	};
	objectVersion = 51;
	objects = {

/* Begin PBXBuildFile section */
		0A9F7A36EB1E80FF9C081B3D /* Pods_flixster.framework in Frameworks */ = {isa = PBXBuildFile; fileRef = D14F7A14811A6688BF11030B /* Pods_flixster.framework */; };
		0FDF9378E291C3FDC39EC338 /* Pods_flixsterTests.framework in Frameworks */ = {isa = PBXBuildFile; fileRef = 3070986B6F4A70EB27F53342 /* Pods_flixsterTests.framework */; };
		D2366ED095AD95AC7F0C0514 /* Pods_flixster_flixsterUITests.framework in Frameworks */ = {isa = PBXBuildFile; fileRef = AB35BCB49D79FD1A94506570 /* Pods_flixster_flixsterUITests.framework */; };
		DFCCC447253CD8D900D941F3 /* AppDelegate.swift in Sources */ = {isa = PBXBuildFile; fileRef = DFCCC446253CD8D900D941F3 /* AppDelegate.swift */; };
		DFCCC449253CD8D900D941F3 /* SceneDelegate.swift in Sources */ = {isa = PBXBuildFile; fileRef = DFCCC448253CD8D900D941F3 /* SceneDelegate.swift */; };
		DFCCC44E253CD8D900D941F3 /* Main.storyboard in Resources */ = {isa = PBXBuildFile; fileRef = DFCCC44C253CD8D900D941F3 /* Main.storyboard */; };
		DFCCC450253CD8DC00D941F3 /* Assets.xcassets in Resources */ = {isa = PBXBuildFile; fileRef = DFCCC44F253CD8DC00D941F3 /* Assets.xcassets */; };
		DFCCC453253CD8DC00D941F3 /* LaunchScreen.storyboard in Resources */ = {isa = PBXBuildFile; fileRef = DFCCC451253CD8DC00D941F3 /* LaunchScreen.storyboard */; };
		DFCCC45E253CD8DD00D941F3 /* flixsterTests.swift in Sources */ = {isa = PBXBuildFile; fileRef = DFCCC45D253CD8DD00D941F3 /* flixsterTests.swift */; };
		DFCCC469253CD8DD00D941F3 /* flixsterUITests.swift in Sources */ = {isa = PBXBuildFile; fileRef = DFCCC468253CD8DD00D941F3 /* flixsterUITests.swift */; };
		DFCCC477253CDA8600D941F3 /* MoviesViewController.swift in Sources */ = {isa = PBXBuildFile; fileRef = DFCCC476253CDA8600D941F3 /* MoviesViewController.swift */; };
		DFCCC479253CF55E00D941F3 /* MovieCell.swift in Sources */ = {isa = PBXBuildFile; fileRef = DFCCC478253CF55E00D941F3 /* MovieCell.swift */; };
		DFF61648254658730077BF5D /* MovieDetailsViewController.swift in Sources */ = {isa = PBXBuildFile; fileRef = DFF61647254658730077BF5D /* MovieDetailsViewController.swift */; };
		DFF6164A25466D000077BF5D /* MovieGridViewController.swift in Sources */ = {isa = PBXBuildFile; fileRef = DFF6164925466D000077BF5D /* MovieGridViewController.swift */; };
		DFF6164C254680380077BF5D /* MovieGridCell.swift in Sources */ = {isa = PBXBuildFile; fileRef = DFF6164B254680380077BF5D /* MovieGridCell.swift */; };
/* End PBXBuildFile section */

/* Begin PBXContainerItemProxy section */
		DFCCC45A253CD8DD00D941F3 /* PBXContainerItemProxy */ = {
			isa = PBXContainerItemProxy;
			containerPortal = DFCCC43B253CD8D900D941F3 /* Project object */;
			proxyType = 1;
			remoteGlobalIDString = DFCCC442253CD8D900D941F3;
			remoteInfo = flixster;
		};
		DFCCC465253CD8DD00D941F3 /* PBXContainerItemProxy */ = {
			isa = PBXContainerItemProxy;
			containerPortal = DFCCC43B253CD8D900D941F3 /* Project object */;
			proxyType = 1;
			remoteGlobalIDString = DFCCC442253CD8D900D941F3;
			remoteInfo = flixster;
		};
/* End PBXContainerItemProxy section */

/* Begin PBXFileReference section */
		24BE4DB185CD0254D4B438B5 /* Pods-flixster-flixsterUITests.release.xcconfig */ = {isa = PBXFileReference; includeInIndex = 1; lastKnownFileType = text.xcconfig; name = "Pods-flixster-flixsterUITests.release.xcconfig"; path = "Target Support Files/Pods-flixster-flixsterUITests/Pods-flixster-flixsterUITests.release.xcconfig"; sourceTree = "<group>"; };
		3070986B6F4A70EB27F53342 /* Pods_flixsterTests.framework */ = {isa = PBXFileReference; explicitFileType = wrapper.framework; includeInIndex = 0; path = Pods_flixsterTests.framework; sourceTree = BUILT_PRODUCTS_DIR; };
		3982EB96C2B952023A015D6C /* Pods-flixster.release.xcconfig */ = {isa = PBXFileReference; includeInIndex = 1; lastKnownFileType = text.xcconfig; name = "Pods-flixster.release.xcconfig"; path = "Target Support Files/Pods-flixster/Pods-flixster.release.xcconfig"; sourceTree = "<group>"; };
		AB35BCB49D79FD1A94506570 /* Pods_flixster_flixsterUITests.framework */ = {isa = PBXFileReference; explicitFileType = wrapper.framework; includeInIndex = 0; path = Pods_flixster_flixsterUITests.framework; sourceTree = BUILT_PRODUCTS_DIR; };
		B06C2857651302A3E0ED6347 /* Pods-flixsterTests.debug.xcconfig */ = {isa = PBXFileReference; includeInIndex = 1; lastKnownFileType = text.xcconfig; name = "Pods-flixsterTests.debug.xcconfig"; path = "Target Support Files/Pods-flixsterTests/Pods-flixsterTests.debug.xcconfig"; sourceTree = "<group>"; };
		C2E481DC7F7279A81B35DB15 /* Pods-flixster-flixsterUITests.debug.xcconfig */ = {isa = PBXFileReference; includeInIndex = 1; lastKnownFileType = text.xcconfig; name = "Pods-flixster-flixsterUITests.debug.xcconfig"; path = "Target Support Files/Pods-flixster-flixsterUITests/Pods-flixster-flixsterUITests.debug.xcconfig"; sourceTree = "<group>"; };
		C595C093864D3C8929766047 /* Pods-flixsterTests.release.xcconfig */ = {isa = PBXFileReference; includeInIndex = 1; lastKnownFileType = text.xcconfig; name = "Pods-flixsterTests.release.xcconfig"; path = "Target Support Files/Pods-flixsterTests/Pods-flixsterTests.release.xcconfig"; sourceTree = "<group>"; };
		D14F7A14811A6688BF11030B /* Pods_flixster.framework */ = {isa = PBXFileReference; explicitFileType = wrapper.framework; includeInIndex = 0; path = Pods_flixster.framework; sourceTree = BUILT_PRODUCTS_DIR; };
		DFCCC443253CD8D900D941F3 /* flixster.app */ = {isa = PBXFileReference; explicitFileType = wrapper.application; includeInIndex = 0; path = flixster.app; sourceTree = BUILT_PRODUCTS_DIR; };
		DFCCC446253CD8D900D941F3 /* AppDelegate.swift */ = {isa = PBXFileReference; lastKnownFileType = sourcecode.swift; path = AppDelegate.swift; sourceTree = "<group>"; };
		DFCCC448253CD8D900D941F3 /* SceneDelegate.swift */ = {isa = PBXFileReference; lastKnownFileType = sourcecode.swift; path = SceneDelegate.swift; sourceTree = "<group>"; };
		DFCCC44D253CD8D900D941F3 /* Base */ = {isa = PBXFileReference; lastKnownFileType = file.storyboard; name = Base; path = Base.lproj/Main.storyboard; sourceTree = "<group>"; };
		DFCCC44F253CD8DC00D941F3 /* Assets.xcassets */ = {isa = PBXFileReference; lastKnownFileType = folder.assetcatalog; path = Assets.xcassets; sourceTree = "<group>"; };
		DFCCC452253CD8DC00D941F3 /* Base */ = {isa = PBXFileReference; lastKnownFileType = file.storyboard; name = Base; path = Base.lproj/LaunchScreen.storyboard; sourceTree = "<group>"; };
		DFCCC454253CD8DC00D941F3 /* Info.plist */ = {isa = PBXFileReference; lastKnownFileType = text.plist.xml; path = Info.plist; sourceTree = "<group>"; };
		DFCCC459253CD8DD00D941F3 /* flixsterTests.xctest */ = {isa = PBXFileReference; explicitFileType = wrapper.cfbundle; includeInIndex = 0; path = flixsterTests.xctest; sourceTree = BUILT_PRODUCTS_DIR; };
		DFCCC45D253CD8DD00D941F3 /* flixsterTests.swift */ = {isa = PBXFileReference; lastKnownFileType = sourcecode.swift; path = flixsterTests.swift; sourceTree = "<group>"; };
		DFCCC45F253CD8DD00D941F3 /* Info.plist */ = {isa = PBXFileReference; lastKnownFileType = text.plist.xml; path = Info.plist; sourceTree = "<group>"; };
		DFCCC464253CD8DD00D941F3 /* flixsterUITests.xctest */ = {isa = PBXFileReference; explicitFileType = wrapper.cfbundle; includeInIndex = 0; path = flixsterUITests.xctest; sourceTree = BUILT_PRODUCTS_DIR; };
		DFCCC468253CD8DD00D941F3 /* flixsterUITests.swift */ = {isa = PBXFileReference; lastKnownFileType = sourcecode.swift; path = flixsterUITests.swift; sourceTree = "<group>"; };
		DFCCC46A253CD8DD00D941F3 /* Info.plist */ = {isa = PBXFileReference; lastKnownFileType = text.plist.xml; path = Info.plist; sourceTree = "<group>"; };
		DFCCC476253CDA8600D941F3 /* MoviesViewController.swift */ = {isa = PBXFileReference; lastKnownFileType = sourcecode.swift; path = MoviesViewController.swift; sourceTree = "<group>"; };
		DFCCC478253CF55E00D941F3 /* MovieCell.swift */ = {isa = PBXFileReference; lastKnownFileType = sourcecode.swift; path = MovieCell.swift; sourceTree = "<group>"; };
		DFF61647254658730077BF5D /* MovieDetailsViewController.swift */ = {isa = PBXFileReference; lastKnownFileType = sourcecode.swift; path = MovieDetailsViewController.swift; sourceTree = "<group>"; };
		DFF6164925466D000077BF5D /* MovieGridViewController.swift */ = {isa = PBXFileReference; lastKnownFileType = sourcecode.swift; path = MovieGridViewController.swift; sourceTree = "<group>"; };
		DFF6164B254680380077BF5D /* MovieGridCell.swift */ = {isa = PBXFileReference; lastKnownFileType = sourcecode.swift; path = MovieGridCell.swift; sourceTree = "<group>"; };
		E08CB1429785F60175A1FF1B /* Pods-flixster.debug.xcconfig */ = {isa = PBXFileReference; includeInIndex = 1; lastKnownFileType = text.xcconfig; name = "Pods-flixster.debug.xcconfig"; path = "Target Support Files/Pods-flixster/Pods-flixster.debug.xcconfig"; sourceTree = "<group>"; };
/* End PBXFileReference section */

/* Begin PBXFrameworksBuildPhase section */
		DFCCC440253CD8D900D941F3 /* Frameworks */ = {
			isa = PBXFrameworksBuildPhase;
			buildActionMask = 2147483647;
			files = (
				0A9F7A36EB1E80FF9C081B3D /* Pods_flixster.framework in Frameworks */,
			);
			runOnlyForDeploymentPostprocessing = 0;
		};
		DFCCC456253CD8DD00D941F3 /* Frameworks */ = {
			isa = PBXFrameworksBuildPhase;
			buildActionMask = 2147483647;
			files = (
				0FDF9378E291C3FDC39EC338 /* Pods_flixsterTests.framework in Frameworks */,
			);
			runOnlyForDeploymentPostprocessing = 0;
		};
		DFCCC461253CD8DD00D941F3 /* Frameworks */ = {
			isa = PBXFrameworksBuildPhase;
			buildActionMask = 2147483647;
			files = (
				D2366ED095AD95AC7F0C0514 /* Pods_flixster_flixsterUITests.framework in Frameworks */,
			);
			runOnlyForDeploymentPostprocessing = 0;
		};
/* End PBXFrameworksBuildPhase section */

/* Begin PBXGroup section */
		2F286F0D2838F5A6A64B9559 /* Pods */ = {
			isa = PBXGroup;
			children = (
				E08CB1429785F60175A1FF1B /* Pods-flixster.debug.xcconfig */,
				3982EB96C2B952023A015D6C /* Pods-flixster.release.xcconfig */,
				C2E481DC7F7279A81B35DB15 /* Pods-flixster-flixsterUITests.debug.xcconfig */,
				24BE4DB185CD0254D4B438B5 /* Pods-flixster-flixsterUITests.release.xcconfig */,
				B06C2857651302A3E0ED6347 /* Pods-flixsterTests.debug.xcconfig */,
				C595C093864D3C8929766047 /* Pods-flixsterTests.release.xcconfig */,
			);
			path = Pods;
			sourceTree = "<group>";
		};
		36C6553288BB2A7F9AAD4AEF /* Frameworks */ = {
			isa = PBXGroup;
			children = (
				D14F7A14811A6688BF11030B /* Pods_flixster.framework */,
				AB35BCB49D79FD1A94506570 /* Pods_flixster_flixsterUITests.framework */,
				3070986B6F4A70EB27F53342 /* Pods_flixsterTests.framework */,
			);
			name = Frameworks;
			sourceTree = "<group>";
		};
		DFCCC43A253CD8D900D941F3 = {
			isa = PBXGroup;
			children = (
				DFCCC445253CD8D900D941F3 /* flixster */,
				DFCCC45C253CD8DD00D941F3 /* flixsterTests */,
				DFCCC467253CD8DD00D941F3 /* flixsterUITests */,
				DFCCC444253CD8D900D941F3 /* Products */,
				2F286F0D2838F5A6A64B9559 /* Pods */,
				36C6553288BB2A7F9AAD4AEF /* Frameworks */,
			);
			sourceTree = "<group>";
		};
		DFCCC444253CD8D900D941F3 /* Products */ = {
			isa = PBXGroup;
			children = (
				DFCCC443253CD8D900D941F3 /* flixster.app */,
				DFCCC459253CD8DD00D941F3 /* flixsterTests.xctest */,
				DFCCC464253CD8DD00D941F3 /* flixsterUITests.xctest */,
			);
			name = Products;
			sourceTree = "<group>";
		};
		DFCCC445253CD8D900D941F3 /* flixster */ = {
			isa = PBXGroup;
			children = (
				DFCCC44C253CD8D900D941F3 /* Main.storyboard */,
				DFCCC446253CD8D900D941F3 /* AppDelegate.swift */,
				DFCCC448253CD8D900D941F3 /* SceneDelegate.swift */,
				DFF6164925466D000077BF5D /* MovieGridViewController.swift */,
				DFF6164B254680380077BF5D /* MovieGridCell.swift */,
				DFCCC476253CDA8600D941F3 /* MoviesViewController.swift */,
				DFF61647254658730077BF5D /* MovieDetailsViewController.swift */,
				DFCCC451253CD8DC00D941F3 /* LaunchScreen.storyboard */,
				DFCCC44F253CD8DC00D941F3 /* Assets.xcassets */,
				DFCCC454253CD8DC00D941F3 /* Info.plist */,
				DFCCC478253CF55E00D941F3 /* MovieCell.swift */,
			);
			path = flixster;
			sourceTree = "<group>";
		};
		DFCCC45C253CD8DD00D941F3 /* flixsterTests */ = {
			isa = PBXGroup;
			children = (
				DFCCC45D253CD8DD00D941F3 /* flixsterTests.swift */,
				DFCCC45F253CD8DD00D941F3 /* Info.plist */,
			);
			path = flixsterTests;
			sourceTree = "<group>";
		};
		DFCCC467253CD8DD00D941F3 /* flixsterUITests */ = {
			isa = PBXGroup;
			children = (
				DFCCC468253CD8DD00D941F3 /* flixsterUITests.swift */,
				DFCCC46A253CD8DD00D941F3 /* Info.plist */,
			);
			path = flixsterUITests;
			sourceTree = "<group>";
		};
/* End PBXGroup section */

/* Begin PBXNativeTarget section */
		DFCCC442253CD8D900D941F3 /* flixster */ = {
			isa = PBXNativeTarget;
			buildConfigurationList = DFCCC46D253CD8DD00D941F3 /* Build configuration list for PBXNativeTarget "flixster" */;
			buildPhases = (
				78A652E886A05EDEA0B89AE2 /* [CP] Check Pods Manifest.lock */,
				DFCCC43F253CD8D900D941F3 /* Sources */,
				DFCCC440253CD8D900D941F3 /* Frameworks */,
				DFCCC441253CD8D900D941F3 /* Resources */,
				03F4390D8A4ACFB60FA270BF /* [CP] Embed Pods Frameworks */,
			);
			buildRules = (
			);
			dependencies = (
			);
			name = flixster;
			productName = flixster;
			productReference = DFCCC443253CD8D900D941F3 /* flixster.app */;
			productType = "com.apple.product-type.application";
		};
		DFCCC458253CD8DD00D941F3 /* flixsterTests */ = {
			isa = PBXNativeTarget;
			buildConfigurationList = DFCCC470253CD8DD00D941F3 /* Build configuration list for PBXNativeTarget "flixsterTests" */;
			buildPhases = (
				7210EAB0B774144CF1BDE4D7 /* [CP] Check Pods Manifest.lock */,
				DFCCC455253CD8DD00D941F3 /* Sources */,
				DFCCC456253CD8DD00D941F3 /* Frameworks */,
				DFCCC457253CD8DD00D941F3 /* Resources */,
			);
			buildRules = (
			);
			dependencies = (
				DFCCC45B253CD8DD00D941F3 /* PBXTargetDependency */,
			);
			name = flixsterTests;
			productName = flixsterTests;
			productReference = DFCCC459253CD8DD00D941F3 /* flixsterTests.xctest */;
			productType = "com.apple.product-type.bundle.unit-test";
		};
		DFCCC463253CD8DD00D941F3 /* flixsterUITests */ = {
			isa = PBXNativeTarget;
			buildConfigurationList = DFCCC473253CD8DD00D941F3 /* Build configuration list for PBXNativeTarget "flixsterUITests" */;
			buildPhases = (
				CC0CB5AA4770B2073C615E23 /* [CP] Check Pods Manifest.lock */,
				DFCCC460253CD8DD00D941F3 /* Sources */,
				DFCCC461253CD8DD00D941F3 /* Frameworks */,
				DFCCC462253CD8DD00D941F3 /* Resources */,
				33EEE02A5E2675C4BBA711EE /* [CP] Embed Pods Frameworks */,
			);
			buildRules = (
			);
			dependencies = (
				DFCCC466253CD8DD00D941F3 /* PBXTargetDependency */,
			);
			name = flixsterUITests;
			productName = flixsterUITests;
			productReference = DFCCC464253CD8DD00D941F3 /* flixsterUITests.xctest */;
			productType = "com.apple.product-type.bundle.ui-testing";
		};
/* End PBXNativeTarget section */

/* Begin PBXProject section */
		DFCCC43B253CD8D900D941F3 /* Project object */ = {
			isa = PBXProject;
			attributes = {
				LastSwiftUpdateCheck = 1170;
				LastUpgradeCheck = 1170;
				ORGANIZATIONNAME = jvt013;
				TargetAttributes = {
					DFCCC442253CD8D900D941F3 = {
						CreatedOnToolsVersion = 11.7;
					};
					DFCCC458253CD8DD00D941F3 = {
						CreatedOnToolsVersion = 11.7;
						TestTargetID = DFCCC442253CD8D900D941F3;
					};
					DFCCC463253CD8DD00D941F3 = {
						CreatedOnToolsVersion = 11.7;
						TestTargetID = DFCCC442253CD8D900D941F3;
					};
				};
			};
			buildConfigurationList = DFCCC43E253CD8D900D941F3 /* Build configuration list for PBXProject "flixster" */;
			compatibilityVersion = "Xcode 9.3";
			developmentRegion = en;
			hasScannedForEncodings = 0;
			knownRegions = (
				en,
				Base,
			);
			mainGroup = DFCCC43A253CD8D900D941F3;
			productRefGroup = DFCCC444253CD8D900D941F3 /* Products */;
			projectDirPath = "";
			projectRoot = "";
			targets = (
				DFCCC442253CD8D900D941F3 /* flixster */,
				DFCCC458253CD8DD00D941F3 /* flixsterTests */,
				DFCCC463253CD8DD00D941F3 /* flixsterUITests */,
			);
		};
/* End PBXProject section */

/* Begin PBXResourcesBuildPhase section */
		DFCCC441253CD8D900D941F3 /* Resources */ = {
			isa = PBXResourcesBuildPhase;
			buildActionMask = 2147483647;
			files = (
				DFCCC453253CD8DC00D941F3 /* LaunchScreen.storyboard in Resources */,
				DFCCC450253CD8DC00D941F3 /* Assets.xcassets in Resources */,
				DFCCC44E253CD8D900D941F3 /* Main.storyboard in Resources */,
			);
			runOnlyForDeploymentPostprocessing = 0;
		};
		DFCCC457253CD8DD00D941F3 /* Resources */ = {
			isa = PBXResourcesBuildPhase;
			buildActionMask = 2147483647;
			files = (
			);
			runOnlyForDeploymentPostprocessing = 0;
		};
		DFCCC462253CD8DD00D941F3 /* Resources */ = {
			isa = PBXResourcesBuildPhase;
			buildActionMask = 2147483647;
			files = (
			);
			runOnlyForDeploymentPostprocessing = 0;
		};
/* End PBXResourcesBuildPhase section */

/* Begin PBXShellScriptBuildPhase section */
		03F4390D8A4ACFB60FA270BF /* [CP] Embed Pods Frameworks */ = {
			isa = PBXShellScriptBuildPhase;
			buildActionMask = 2147483647;
			files = (
			);
			inputFileListPaths = (
				"${PODS_ROOT}/Target Support Files/Pods-flixster/Pods-flixster-frameworks-${CONFIGURATION}-input-files.xcfilelist",
			);
			name = "[CP] Embed Pods Frameworks";
			outputFileListPaths = (
				"${PODS_ROOT}/Target Support Files/Pods-flixster/Pods-flixster-frameworks-${CONFIGURATION}-output-files.xcfilelist",
			);
			runOnlyForDeploymentPostprocessing = 0;
			shellPath = /bin/sh;
			shellScript = "\"${PODS_ROOT}/Target Support Files/Pods-flixster/Pods-flixster-frameworks.sh\"\n";
			showEnvVarsInLog = 0;
		};
		33EEE02A5E2675C4BBA711EE /* [CP] Embed Pods Frameworks */ = {
			isa = PBXShellScriptBuildPhase;
			buildActionMask = 2147483647;
			files = (
			);
			inputFileListPaths = (
				"${PODS_ROOT}/Target Support Files/Pods-flixster-flixsterUITests/Pods-flixster-flixsterUITests-frameworks-${CONFIGURATION}-input-files.xcfilelist",
			);
			name = "[CP] Embed Pods Frameworks";
			outputFileListPaths = (
				"${PODS_ROOT}/Target Support Files/Pods-flixster-flixsterUITests/Pods-flixster-flixsterUITests-frameworks-${CONFIGURATION}-output-files.xcfilelist",
			);
			runOnlyForDeploymentPostprocessing = 0;
			shellPath = /bin/sh;
			shellScript = "\"${PODS_ROOT}/Target Support Files/Pods-flixster-flixsterUITests/Pods-flixster-flixsterUITests-frameworks.sh\"\n";
			showEnvVarsInLog = 0;
		};
		7210EAB0B774144CF1BDE4D7 /* [CP] Check Pods Manifest.lock */ = {
			isa = PBXShellScriptBuildPhase;
			buildActionMask = 2147483647;
			files = (
			);
			inputFileListPaths = (
			);
			inputPaths = (
				"${PODS_PODFILE_DIR_PATH}/Podfile.lock",
				"${PODS_ROOT}/Manifest.lock",
			);
			name = "[CP] Check Pods Manifest.lock";
			outputFileListPaths = (
			);
			outputPaths = (
				"$(DERIVED_FILE_DIR)/Pods-flixsterTests-checkManifestLockResult.txt",
			);
			runOnlyForDeploymentPostprocessing = 0;
			shellPath = /bin/sh;
			shellScript = "diff \"${PODS_PODFILE_DIR_PATH}/Podfile.lock\" \"${PODS_ROOT}/Manifest.lock\" > /dev/null\nif [ $? != 0 ] ; then\n    # print error to STDERR\n    echo \"error: The sandbox is not in sync with the Podfile.lock. Run 'pod install' or update your CocoaPods installation.\" >&2\n    exit 1\nfi\n# This output is used by Xcode 'outputs' to avoid re-running this script phase.\necho \"SUCCESS\" > \"${SCRIPT_OUTPUT_FILE_0}\"\n";
			showEnvVarsInLog = 0;
		};
		78A652E886A05EDEA0B89AE2 /* [CP] Check Pods Manifest.lock */ = {
			isa = PBXShellScriptBuildPhase;
			buildActionMask = 2147483647;
			files = (
			);
			inputFileListPaths = (
			);
			inputPaths = (
				"${PODS_PODFILE_DIR_PATH}/Podfile.lock",
				"${PODS_ROOT}/Manifest.lock",
			);
			name = "[CP] Check Pods Manifest.lock";
			outputFileListPaths = (
			);
			outputPaths = (
				"$(DERIVED_FILE_DIR)/Pods-flixster-checkManifestLockResult.txt",
			);
			runOnlyForDeploymentPostprocessing = 0;
			shellPath = /bin/sh;
			shellScript = "diff \"${PODS_PODFILE_DIR_PATH}/Podfile.lock\" \"${PODS_ROOT}/Manifest.lock\" > /dev/null\nif [ $? != 0 ] ; then\n    # print error to STDERR\n    echo \"error: The sandbox is not in sync with the Podfile.lock. Run 'pod install' or update your CocoaPods installation.\" >&2\n    exit 1\nfi\n# This output is used by Xcode 'outputs' to avoid re-running this script phase.\necho \"SUCCESS\" > \"${SCRIPT_OUTPUT_FILE_0}\"\n";
			showEnvVarsInLog = 0;
		};
		CC0CB5AA4770B2073C615E23 /* [CP] Check Pods Manifest.lock */ = {
			isa = PBXShellScriptBuildPhase;
			buildActionMask = 2147483647;
			files = (
			);
			inputFileListPaths = (
			);
			inputPaths = (
				"${PODS_PODFILE_DIR_PATH}/Podfile.lock",
				"${PODS_ROOT}/Manifest.lock",
			);
			name = "[CP] Check Pods Manifest.lock";
			outputFileListPaths = (
			);
			outputPaths = (
				"$(DERIVED_FILE_DIR)/Pods-flixster-flixsterUITests-checkManifestLockResult.txt",
			);
			runOnlyForDeploymentPostprocessing = 0;
			shellPath = /bin/sh;
			shellScript = "diff \"${PODS_PODFILE_DIR_PATH}/Podfile.lock\" \"${PODS_ROOT}/Manifest.lock\" > /dev/null\nif [ $? != 0 ] ; then\n    # print error to STDERR\n    echo \"error: The sandbox is not in sync with the Podfile.lock. Run 'pod install' or update your CocoaPods installation.\" >&2\n    exit 1\nfi\n# This output is used by Xcode 'outputs' to avoid re-running this script phase.\necho \"SUCCESS\" > \"${SCRIPT_OUTPUT_FILE_0}\"\n";
			showEnvVarsInLog = 0;
		};
/* End PBXShellScriptBuildPhase section */

/* Begin PBXSourcesBuildPhase section */
		DFCCC43F253CD8D900D941F3 /* Sources */ = {
			isa = PBXSourcesBuildPhase;
			buildActionMask = 2147483647;
			files = (
				DFF61648254658730077BF5D /* MovieDetailsViewController.swift in Sources */,
				DFCCC447253CD8D900D941F3 /* AppDelegate.swift in Sources */,
				DFCCC449253CD8D900D941F3 /* SceneDelegate.swift in Sources */,
				DFCCC479253CF55E00D941F3 /* MovieCell.swift in Sources */,
				DFCCC477253CDA8600D941F3 /* MoviesViewController.swift in Sources */,
				DFF6164A25466D000077BF5D /* MovieGridViewController.swift in Sources */,
				DFF6164C254680380077BF5D /* MovieGridCell.swift in Sources */,
			);
			runOnlyForDeploymentPostprocessing = 0;
		};
		DFCCC455253CD8DD00D941F3 /* Sources */ = {
			isa = PBXSourcesBuildPhase;
			buildActionMask = 2147483647;
			files = (
				DFCCC45E253CD8DD00D941F3 /* flixsterTests.swift in Sources */,
			);
			runOnlyForDeploymentPostprocessing = 0;
		};
		DFCCC460253CD8DD00D941F3 /* Sources */ = {
			isa = PBXSourcesBuildPhase;
			buildActionMask = 2147483647;
			files = (
				DFCCC469253CD8DD00D941F3 /* flixsterUITests.swift in Sources */,
			);
			runOnlyForDeploymentPostprocessing = 0;
		};
/* End PBXSourcesBuildPhase section */

/* Begin PBXTargetDependency section */
		DFCCC45B253CD8DD00D941F3 /* PBXTargetDependency */ = {
			isa = PBXTargetDependency;
			target = DFCCC442253CD8D900D941F3 /* flixster */;
			targetProxy = DFCCC45A253CD8DD00D941F3 /* PBXContainerItemProxy */;
		};
		DFCCC466253CD8DD00D941F3 /* PBXTargetDependency */ = {
			isa = PBXTargetDependency;
			target = DFCCC442253CD8D900D941F3 /* flixster */;
			targetProxy = DFCCC465253CD8DD00D941F3 /* PBXContainerItemProxy */;
		};
/* End PBXTargetDependency section */

/* Begin PBXVariantGroup section */
		DFCCC44C253CD8D900D941F3 /* Main.storyboard */ = {
			isa = PBXVariantGroup;
			children = (
				DFCCC44D253CD8D900D941F3 /* Base */,
			);
			name = Main.storyboard;
			sourceTree = "<group>";
		};
		DFCCC451253CD8DC00D941F3 /* LaunchScreen.storyboard */ = {
			isa = PBXVariantGroup;
			children = (
				DFCCC452253CD8DC00D941F3 /* Base */,
			);
			name = LaunchScreen.storyboard;
			sourceTree = "<group>";
		};
/* End PBXVariantGroup section */

/* Begin XCBuildConfiguration section */
		DFCCC46B253CD8DD00D941F3 /* Debug */ = {
			isa = XCBuildConfiguration;
			buildSettings = {
				ALWAYS_SEARCH_USER_PATHS = NO;
				CLANG_ANALYZER_NONNULL = YES;
				CLANG_ANALYZER_NUMBER_OBJECT_CONVERSION = YES_AGGRESSIVE;
				CLANG_CXX_LANGUAGE_STANDARD = "gnu++14";
				CLANG_CXX_LIBRARY = "libc++";
				CLANG_ENABLE_MODULES = YES;
				CLANG_ENABLE_OBJC_ARC = YES;
				CLANG_ENABLE_OBJC_WEAK = YES;
				CLANG_WARN_BLOCK_CAPTURE_AUTORELEASING = YES;
				CLANG_WARN_BOOL_CONVERSION = YES;
				CLANG_WARN_COMMA = YES;
				CLANG_WARN_CONSTANT_CONVERSION = YES;
				CLANG_WARN_DEPRECATED_OBJC_IMPLEMENTATIONS = YES;
				CLANG_WARN_DIRECT_OBJC_ISA_USAGE = YES_ERROR;
				CLANG_WARN_DOCUMENTATION_COMMENTS = YES;
				CLANG_WARN_EMPTY_BODY = YES;
				CLANG_WARN_ENUM_CONVERSION = YES;
				CLANG_WARN_INFINITE_RECURSION = YES;
				CLANG_WARN_INT_CONVERSION = YES;
				CLANG_WARN_NON_LITERAL_NULL_CONVERSION = YES;
				CLANG_WARN_OBJC_IMPLICIT_RETAIN_SELF = YES;
				CLANG_WARN_OBJC_LITERAL_CONVERSION = YES;
				CLANG_WARN_OBJC_ROOT_CLASS = YES_ERROR;
				CLANG_WARN_RANGE_LOOP_ANALYSIS = YES;
				CLANG_WARN_STRICT_PROTOTYPES = YES;
				CLANG_WARN_SUSPICIOUS_MOVE = YES;
				CLANG_WARN_UNGUARDED_AVAILABILITY = YES_AGGRESSIVE;
				CLANG_WARN_UNREACHABLE_CODE = YES;
				CLANG_WARN__DUPLICATE_METHOD_MATCH = YES;
				COPY_PHASE_STRIP = NO;
				DEBUG_INFORMATION_FORMAT = dwarf;
				ENABLE_STRICT_OBJC_MSGSEND = YES;
				ENABLE_TESTABILITY = YES;
				GCC_C_LANGUAGE_STANDARD = gnu11;
				GCC_DYNAMIC_NO_PIC = NO;
				GCC_NO_COMMON_BLOCKS = YES;
				GCC_OPTIMIZATION_LEVEL = 0;
				GCC_PREPROCESSOR_DEFINITIONS = (
					"DEBUG=1",
					"$(inherited)",
				);
				GCC_WARN_64_TO_32_BIT_CONVERSION = YES;
				GCC_WARN_ABOUT_RETURN_TYPE = YES_ERROR;
				GCC_WARN_UNDECLARED_SELECTOR = YES;
				GCC_WARN_UNINITIALIZED_AUTOS = YES_AGGRESSIVE;
				GCC_WARN_UNUSED_FUNCTION = YES;
				GCC_WARN_UNUSED_VARIABLE = YES;
				IPHONEOS_DEPLOYMENT_TARGET = 13.7;
				MTL_ENABLE_DEBUG_INFO = INCLUDE_SOURCE;
				MTL_FAST_MATH = YES;
				ONLY_ACTIVE_ARCH = YES;
				SDKROOT = iphoneos;
				SWIFT_ACTIVE_COMPILATION_CONDITIONS = DEBUG;
				SWIFT_OPTIMIZATION_LEVEL = "-Onone";
			};
			name = Debug;
		};
		DFCCC46C253CD8DD00D941F3 /* Release */ = {
			isa = XCBuildConfiguration;
			buildSettings = {
				ALWAYS_SEARCH_USER_PATHS = NO;
				CLANG_ANALYZER_NONNULL = YES;
				CLANG_ANALYZER_NUMBER_OBJECT_CONVERSION = YES_AGGRESSIVE;
				CLANG_CXX_LANGUAGE_STANDARD = "gnu++14";
				CLANG_CXX_LIBRARY = "libc++";
				CLANG_ENABLE_MODULES = YES;
				CLANG_ENABLE_OBJC_ARC = YES;
				CLANG_ENABLE_OBJC_WEAK = YES;
				CLANG_WARN_BLOCK_CAPTURE_AUTORELEASING = YES;
				CLANG_WARN_BOOL_CONVERSION = YES;
				CLANG_WARN_COMMA = YES;
				CLANG_WARN_CONSTANT_CONVERSION = YES;
				CLANG_WARN_DEPRECATED_OBJC_IMPLEMENTATIONS = YES;
				CLANG_WARN_DIRECT_OBJC_ISA_USAGE = YES_ERROR;
				CLANG_WARN_DOCUMENTATION_COMMENTS = YES;
				CLANG_WARN_EMPTY_BODY = YES;
				CLANG_WARN_ENUM_CONVERSION = YES;
				CLANG_WARN_INFINITE_RECURSION = YES;
				CLANG_WARN_INT_CONVERSION = YES;
				CLANG_WARN_NON_LITERAL_NULL_CONVERSION = YES;
				CLANG_WARN_OBJC_IMPLICIT_RETAIN_SELF = YES;
				CLANG_WARN_OBJC_LITERAL_CONVERSION = YES;
				CLANG_WARN_OBJC_ROOT_CLASS = YES_ERROR;
				CLANG_WARN_RANGE_LOOP_ANALYSIS = YES;
				CLANG_WARN_STRICT_PROTOTYPES = YES;
				CLANG_WARN_SUSPICIOUS_MOVE = YES;
				CLANG_WARN_UNGUARDED_AVAILABILITY = YES_AGGRESSIVE;
				CLANG_WARN_UNREACHABLE_CODE = YES;
				CLANG_WARN__DUPLICATE_METHOD_MATCH = YES;
				COPY_PHASE_STRIP = NO;
				DEBUG_INFORMATION_FORMAT = "dwarf-with-dsym";
				ENABLE_NS_ASSERTIONS = NO;
				ENABLE_STRICT_OBJC_MSGSEND = YES;
				GCC_C_LANGUAGE_STANDARD = gnu11;
				GCC_NO_COMMON_BLOCKS = YES;
				GCC_WARN_64_TO_32_BIT_CONVERSION = YES;
				GCC_WARN_ABOUT_RETURN_TYPE = YES_ERROR;
				GCC_WARN_UNDECLARED_SELECTOR = YES;
				GCC_WARN_UNINITIALIZED_AUTOS = YES_AGGRESSIVE;
				GCC_WARN_UNUSED_FUNCTION = YES;
				GCC_WARN_UNUSED_VARIABLE = YES;
				IPHONEOS_DEPLOYMENT_TARGET = 13.7;
				MTL_ENABLE_DEBUG_INFO = NO;
				MTL_FAST_MATH = YES;
				SDKROOT = iphoneos;
				SWIFT_COMPILATION_MODE = wholemodule;
				SWIFT_OPTIMIZATION_LEVEL = "-O";
				VALIDATE_PRODUCT = YES;
			};
			name = Release;
		};
		DFCCC46E253CD8DD00D941F3 /* Debug */ = {
			isa = XCBuildConfiguration;
			baseConfigurationReference = E08CB1429785F60175A1FF1B /* Pods-flixster.debug.xcconfig */;
			buildSettings = {
				ASSETCATALOG_COMPILER_APPICON_NAME = AppIcon;
				CODE_SIGN_STYLE = Automatic;
				INFOPLIST_FILE = flixster/Info.plist;
				LD_RUNPATH_SEARCH_PATHS = (
					"$(inherited)",
					"@executable_path/Frameworks",
				);
				PRODUCT_BUNDLE_IDENTIFIER = Codepath.flixster;
				PRODUCT_NAME = "$(TARGET_NAME)";
				SWIFT_VERSION = 5.0;
				TARGETED_DEVICE_FAMILY = "1,2";
			};
			name = Debug;
		};
		DFCCC46F253CD8DD00D941F3 /* Release */ = {
			isa = XCBuildConfiguration;
			baseConfigurationReference = 3982EB96C2B952023A015D6C /* Pods-flixster.release.xcconfig */;
			buildSettings = {
				ASSETCATALOG_COMPILER_APPICON_NAME = AppIcon;
				CODE_SIGN_STYLE = Automatic;
				INFOPLIST_FILE = flixster/Info.plist;
				LD_RUNPATH_SEARCH_PATHS = (
					"$(inherited)",
					"@executable_path/Frameworks",
				);
				PRODUCT_BUNDLE_IDENTIFIER = Codepath.flixster;
				PRODUCT_NAME = "$(TARGET_NAME)";
				SWIFT_VERSION = 5.0;
				TARGETED_DEVICE_FAMILY = "1,2";
			};
			name = Release;
		};
		DFCCC471253CD8DD00D941F3 /* Debug */ = {
			isa = XCBuildConfiguration;
			baseConfigurationReference = B06C2857651302A3E0ED6347 /* Pods-flixsterTests.debug.xcconfig */;
			buildSettings = {
				ALWAYS_EMBED_SWIFT_STANDARD_LIBRARIES = YES;
				BUNDLE_LOADER = "$(TEST_HOST)";
				CODE_SIGN_STYLE = Automatic;
				INFOPLIST_FILE = flixsterTests/Info.plist;
				IPHONEOS_DEPLOYMENT_TARGET = 13.7;
				LD_RUNPATH_SEARCH_PATHS = (
					"$(inherited)",
					"@executable_path/Frameworks",
					"@loader_path/Frameworks",
				);
				PRODUCT_BUNDLE_IDENTIFIER = Codepath.flixsterTests;
				PRODUCT_NAME = "$(TARGET_NAME)";
				SWIFT_VERSION = 5.0;
				TARGETED_DEVICE_FAMILY = "1,2";
				TEST_HOST = "$(BUILT_PRODUCTS_DIR)/flixster.app/flixster";
			};
			name = Debug;
		};
		DFCCC472253CD8DD00D941F3 /* Release */ = {
			isa = XCBuildConfiguration;
			baseConfigurationReference = C595C093864D3C8929766047 /* Pods-flixsterTests.release.xcconfig */;
			buildSettings = {
				ALWAYS_EMBED_SWIFT_STANDARD_LIBRARIES = YES;
				BUNDLE_LOADER = "$(TEST_HOST)";
				CODE_SIGN_STYLE = Automatic;
				INFOPLIST_FILE = flixsterTests/Info.plist;
				IPHONEOS_DEPLOYMENT_TARGET = 13.7;
				LD_RUNPATH_SEARCH_PATHS = (
					"$(inherited)",
					"@executable_path/Frameworks",
					"@loader_path/Frameworks",
				);
				PRODUCT_BUNDLE_IDENTIFIER = Codepath.flixsterTests;
				PRODUCT_NAME = "$(TARGET_NAME)";
				SWIFT_VERSION = 5.0;
				TARGETED_DEVICE_FAMILY = "1,2";
				TEST_HOST = "$(BUILT_PRODUCTS_DIR)/flixster.app/flixster";
			};
			name = Release;
		};
		DFCCC474253CD8DD00D941F3 /* Debug */ = {
			isa = XCBuildConfiguration;
			baseConfigurationReference = C2E481DC7F7279A81B35DB15 /* Pods-flixster-flixsterUITests.debug.xcconfig */;
			buildSettings = {
				ALWAYS_EMBED_SWIFT_STANDARD_LIBRARIES = YES;
				CODE_SIGN_STYLE = Automatic;
				INFOPLIST_FILE = flixsterUITests/Info.plist;
				LD_RUNPATH_SEARCH_PATHS = (
					"$(inherited)",
					"@executable_path/Frameworks",
					"@loader_path/Frameworks",
				);
				PRODUCT_BUNDLE_IDENTIFIER = Codepath.flixsterUITests;
				PRODUCT_NAME = "$(TARGET_NAME)";
				SWIFT_VERSION = 5.0;
				TARGETED_DEVICE_FAMILY = "1,2";
				TEST_TARGET_NAME = flixster;
			};
			name = Debug;
		};
		DFCCC475253CD8DD00D941F3 /* Release */ = {
			isa = XCBuildConfiguration;
			baseConfigurationReference = 24BE4DB185CD0254D4B438B5 /* Pods-flixster-flixsterUITests.release.xcconfig */;
			buildSettings = {
				ALWAYS_EMBED_SWIFT_STANDARD_LIBRARIES = YES;
				CODE_SIGN_STYLE = Automatic;
				INFOPLIST_FILE = flixsterUITests/Info.plist;
				LD_RUNPATH_SEARCH_PATHS = (
					"$(inherited)",
					"@executable_path/Frameworks",
					"@loader_path/Frameworks",
				);
				PRODUCT_BUNDLE_IDENTIFIER = Codepath.flixsterUITests;
				PRODUCT_NAME = "$(TARGET_NAME)";
				SWIFT_VERSION = 5.0;
				TARGETED_DEVICE_FAMILY = "1,2";
				TEST_TARGET_NAME = flixster;
			};
			name = Release;
		};
/* End XCBuildConfiguration section */

/* Begin XCConfigurationList section */
		DFCCC43E253CD8D900D941F3 /* Build configuration list for PBXProject "flixster" */ = {
			isa = XCConfigurationList;
			buildConfigurations = (
				DFCCC46B253CD8DD00D941F3 /* Debug */,
				DFCCC46C253CD8DD00D941F3 /* Release */,
			);
			defaultConfigurationIsVisible = 0;
			defaultConfigurationName = Release;
		};
		DFCCC46D253CD8DD00D941F3 /* Build configuration list for PBXNativeTarget "flixster" */ = {
			isa = XCConfigurationList;
			buildConfigurations = (
				DFCCC46E253CD8DD00D941F3 /* Debug */,
				DFCCC46F253CD8DD00D941F3 /* Release */,
			);
			defaultConfigurationIsVisible = 0;
			defaultConfigurationName = Release;
		};
		DFCCC470253CD8DD00D941F3 /* Build configuration list for PBXNativeTarget "flixsterTests" */ = {
			isa = XCConfigurationList;
			buildConfigurations = (
				DFCCC471253CD8DD00D941F3 /* Debug */,
				DFCCC472253CD8DD00D941F3 /* Release */,
			);
			defaultConfigurationIsVisible = 0;
			defaultConfigurationName = Release;
		};
		DFCCC473253CD8DD00D941F3 /* Build configuration list for PBXNativeTarget "flixsterUITests" */ = {
			isa = XCConfigurationList;
			buildConfigurations = (
				DFCCC474253CD8DD00D941F3 /* Debug */,
				DFCCC475253CD8DD00D941F3 /* Release */,
			);
			defaultConfigurationIsVisible = 0;
			defaultConfigurationName = Release;
		};
/* End XCConfigurationList section */
	};
	rootObject = DFCCC43B253CD8D900D941F3 /* Project object */;
}
